
Microsoft Visual Studio Solution File, Format Version 12.00
# Visual Studio Version 16
VisualStudioVersion = 16.0.29424.173
MinimumVisualStudioVersion = 10.0.40219.1
Project("{8BC9CEB8-8B4A-11D0-8D11-00A0C91BC942}") = "Lab12_3", "Lab12_3.vcxproj", "{7A588CB3-54F7-418D-B3B1-1269313BA7AE}"
EndProject
Global
	GlobalSection(SolutionConfigurationPlatforms) = preSolution
		Debug|x64 = Debug|x64
		Debug|x86 = Debug|x86
		Release|x64 = Release|x64
		Release|x86 = Release|x86
	EndGlobalSection
	GlobalSection(ProjectConfigurationPlatforms) = postSolution
		{7A588CB3-54F7-418D-B3B1-1269313BA7AE}.Debug|x64.ActiveCfg = Debug|x64
		{7A588CB3-54F7-418D-B3B1-1269313BA7AE}.Debug|x64.Build.0 = Debug|x64
		{7A588CB3-54F7-418D-B3B1-1269313BA7AE}.Debug|x86.ActiveCfg = Debug|Win32
		{7A588CB3-54F7-418D-B3B1-1269313BA7AE}.Debug|x86.Build.0 = Debug|Win32
		{7A588CB3-54F7-418D-B3B1-1269313BA7AE}.Release|x64.ActiveCfg = Release|x64
		{7A588CB3-54F7-418D-B3B1-1269313BA7AE}.Release|x64.Build.0 = Release|x64
		{7A588CB3-54F7-418D-B3B1-1269313BA7AE}.Release|x86.ActiveCfg = Release|Win32
		{7A588CB3-54F7-418D-B3B1-1269313BA7AE}.Release|x86.Build.0 = Release|Win32
	EndGlobalSection
	GlobalSection(SolutionProperties) = preSolution
		HideSolutionNode = FALSE
	EndGlobalSection
	GlobalSection(ExtensibilityGlobals) = postSolution
		SolutionGuid = {D6C81D8C-9A97-49DF-9012-3982D8464216}
	EndGlobalSection
EndGlobal
