
Microsoft Visual Studio Solution File, Format Version 12.00
# Visual Studio Version 16
VisualStudioVersion = 16.0.29424.173
MinimumVisualStudioVersion = 10.0.40219.1
Project("{8BC9CEB8-8B4A-11D0-8D11-00A0C91BC942}") = "Lab06_2", "Lab06_2.vcxproj", "{1219D323-8E65-49D4-A0D1-07A391F9A0EE}"
EndProject
Global
	GlobalSection(SolutionConfigurationPlatforms) = preSolution
		Debug|x64 = Debug|x64
		Debug|x86 = Debug|x86
		Release|x64 = Release|x64
		Release|x86 = Release|x86
	EndGlobalSection
	GlobalSection(ProjectConfigurationPlatforms) = postSolution
		{1219D323-8E65-49D4-A0D1-07A391F9A0EE}.Debug|x64.ActiveCfg = Debug|x64
		{1219D323-8E65-49D4-A0D1-07A391F9A0EE}.Debug|x64.Build.0 = Debug|x64
		{1219D323-8E65-49D4-A0D1-07A391F9A0EE}.Debug|x86.ActiveCfg = Debug|Win32
		{1219D323-8E65-49D4-A0D1-07A391F9A0EE}.Debug|x86.Build.0 = Debug|Win32
		{1219D323-8E65-49D4-A0D1-07A391F9A0EE}.Release|x64.ActiveCfg = Release|x64
		{1219D323-8E65-49D4-A0D1-07A391F9A0EE}.Release|x64.Build.0 = Release|x64
		{1219D323-8E65-49D4-A0D1-07A391F9A0EE}.Release|x86.ActiveCfg = Release|Win32
		{1219D323-8E65-49D4-A0D1-07A391F9A0EE}.Release|x86.Build.0 = Release|Win32
	EndGlobalSection
	GlobalSection(SolutionProperties) = preSolution
		HideSolutionNode = FALSE
	EndGlobalSection
	GlobalSection(ExtensibilityGlobals) = postSolution
		SolutionGuid = {6E674271-B388-4E75-82F3-72BACA380D20}
	EndGlobalSection
EndGlobal
