
Microsoft Visual Studio Solution File, Format Version 12.00
# Visual Studio Version 16
VisualStudioVersion = 16.0.29424.173
MinimumVisualStudioVersion = 10.0.40219.1
Project("{8BC9CEB8-8B4A-11D0-8D11-00A0C91BC942}") = "Lab10_6", "Lab10_6.vcxproj", "{6E8DB77E-DBD3-4C9D-B9E5-7292E65A0E35}"
EndProject
Global
	GlobalSection(SolutionConfigurationPlatforms) = preSolution
		Debug|x64 = Debug|x64
		Debug|x86 = Debug|x86
		Release|x64 = Release|x64
		Release|x86 = Release|x86
	EndGlobalSection
	GlobalSection(ProjectConfigurationPlatforms) = postSolution
		{6E8DB77E-DBD3-4C9D-B9E5-7292E65A0E35}.Debug|x64.ActiveCfg = Debug|x64
		{6E8DB77E-DBD3-4C9D-B9E5-7292E65A0E35}.Debug|x64.Build.0 = Debug|x64
		{6E8DB77E-DBD3-4C9D-B9E5-7292E65A0E35}.Debug|x86.ActiveCfg = Debug|Win32
		{6E8DB77E-DBD3-4C9D-B9E5-7292E65A0E35}.Debug|x86.Build.0 = Debug|Win32
		{6E8DB77E-DBD3-4C9D-B9E5-7292E65A0E35}.Release|x64.ActiveCfg = Release|x64
		{6E8DB77E-DBD3-4C9D-B9E5-7292E65A0E35}.Release|x64.Build.0 = Release|x64
		{6E8DB77E-DBD3-4C9D-B9E5-7292E65A0E35}.Release|x86.ActiveCfg = Release|Win32
		{6E8DB77E-DBD3-4C9D-B9E5-7292E65A0E35}.Release|x86.Build.0 = Release|Win32
	EndGlobalSection
	GlobalSection(SolutionProperties) = preSolution
		HideSolutionNode = FALSE
	EndGlobalSection
	GlobalSection(ExtensibilityGlobals) = postSolution
		SolutionGuid = {E4DE4D7A-AA88-45A9-B8CF-B58E32235EE3}
	EndGlobalSection
EndGlobal
