
Microsoft Visual Studio Solution File, Format Version 12.00
# Visual Studio Version 16
VisualStudioVersion = 16.0.29424.173
MinimumVisualStudioVersion = 10.0.40219.1
Project("{8BC9CEB8-8B4A-11D0-8D11-00A0C91BC942}") = "Lab05_4", "Lab05_4.vcxproj", "{EF4809A0-0E44-4A5F-844F-7AA9516D29FD}"
EndProject
Global
	GlobalSection(SolutionConfigurationPlatforms) = preSolution
		Debug|x64 = Debug|x64
		Debug|x86 = Debug|x86
		Release|x64 = Release|x64
		Release|x86 = Release|x86
	EndGlobalSection
	GlobalSection(ProjectConfigurationPlatforms) = postSolution
		{EF4809A0-0E44-4A5F-844F-7AA9516D29FD}.Debug|x64.ActiveCfg = Debug|x64
		{EF4809A0-0E44-4A5F-844F-7AA9516D29FD}.Debug|x64.Build.0 = Debug|x64
		{EF4809A0-0E44-4A5F-844F-7AA9516D29FD}.Debug|x86.ActiveCfg = Debug|Win32
		{EF4809A0-0E44-4A5F-844F-7AA9516D29FD}.Debug|x86.Build.0 = Debug|Win32
		{EF4809A0-0E44-4A5F-844F-7AA9516D29FD}.Release|x64.ActiveCfg = Release|x64
		{EF4809A0-0E44-4A5F-844F-7AA9516D29FD}.Release|x64.Build.0 = Release|x64
		{EF4809A0-0E44-4A5F-844F-7AA9516D29FD}.Release|x86.ActiveCfg = Release|Win32
		{EF4809A0-0E44-4A5F-844F-7AA9516D29FD}.Release|x86.Build.0 = Release|Win32
	EndGlobalSection
	GlobalSection(SolutionProperties) = preSolution
		HideSolutionNode = FALSE
	EndGlobalSection
	GlobalSection(ExtensibilityGlobals) = postSolution
		SolutionGuid = {35A997DC-F5FA-45AD-818E-AAA7546F44B3}
	EndGlobalSection
EndGlobal
